
Microsoft Visual Studio Solution File, Format Version 12.00
# Visual Studio 15
VisualStudioVersion = 15.0.27004.2009
MinimumVisualStudioVersion = 10.0.40219.1
Project("{FAE04EC0-301F-11D3-BF4B-00C04F79EFBC}") = "Module01_CS", "Module01_CS\Module01_CS.csproj", "{ED61EF61-2518-4358-9274-AF90546F16DC}"
EndProject
Project("{2150E333-8FDC-42A3-9474-1A3956D46DE8}") = "PlayGround", "PlayGround", "{614BAE00-84EB-47BC-8C41-71B6E2131A8C}"
EndProject
Project("{2150E333-8FDC-42A3-9474-1A3956D46DE8}") = "Assignments", "Assignments", "{5E1B2542-C3EE-4515-8C83-C8E805B50E0F}"
EndProject
Project("{FAE04EC0-301F-11D3-BF4B-00C04F79EFBC}") = "Module02_HelloWorld", "Module02_HelloWorld\Module02_HelloWorld.csproj", "{3B404ABE-B1C1-4EB1-A581-63703EEFA401}"
EndProject
Project("{FAE04EC0-301F-11D3-BF4B-00C04F79EFBC}") = "Module03_ValueTypes", "Module03_ValueTypes\Module03_ValueTypes.csproj", "{52314A04-A84B-4053-A6DE-837C39AAA4A2}"
EndProject
Project("{FAE04EC0-301F-11D3-BF4B-00C04F79EFBC}") = "Module04_ReferenceTypes", "Module04_ReferenceTypes\Module04_ReferenceTypes.csproj", "{224C681D-ACDD-48F7-9929-4B111EF0D1B9}"
EndProject
Project("{FAE04EC0-301F-11D3-BF4B-00C04F79EFBC}") = "Module05_Methods", "Module05_Methods\Module05_Methods.csproj", "{779B2028-C640-4905-A36D-A83A043ACA82}"
EndProject
Project("{FAE04EC0-301F-11D3-BF4B-00C04F79EFBC}") = "Module08_Inheritance", "Module08_Inheritance\Module08_Inheritance.csproj", "{C6A5C699-6257-4CDE-9C12-70502FDC05E5}"
EndProject
Project("{FAE04EC0-301F-11D3-BF4B-00C04F79EFBC}") = "Module09_ExceptionHandling", "Module09_ExceptionHandling\Module09_ExceptionHandling.csproj", "{BD24CAA3-9A99-4922-B73F-2A1F55486AFF}"
EndProject
Project("{FAE04EC0-301F-11D3-BF4B-00C04F79EFBC}") = "Module10_Interfaces", "Module10_Interfaces\Module10_Interfaces.csproj", "{D483641F-1FC6-47B3-A957-AC7771E1114D}"
EndProject
Project("{FAE04EC0-301F-11D3-BF4B-00C04F79EFBC}") = "Module11_Collections", "Module11_Collections\Module11_Collections.csproj", "{5A6D04FF-61B6-4466-AC97-072ED4CEBA4C}"
EndProject
Project("{FAE04EC0-301F-11D3-BF4B-00C04F79EFBC}") = "Module12_Delegates", "Module12_Delegates\Module12_Delegates.csproj", "{5A1F3DDC-9D77-418A-83F2-DC422391FEB4}"
EndProject
Project("{FAE04EC0-301F-11D3-BF4B-00C04F79EFBC}") = "Module13_Avanced", "Module13_Avanced\Module13_Avanced.csproj", "{1E76C25D-E3DE-46A6-85F2-AD0D99FDD13C}"
EndProject
Project("{FAE04EC0-301F-11D3-BF4B-00C04F79EFBC}") = "Module14_LINQ", "Module14_LINQ\Module14_LINQ.csproj", "{26A8998B-29FB-4676-A5E2-42C60E15D61E}"
EndProject
Project("{FAE04EC0-301F-11D3-BF4B-00C04F79EFBC}") = "Module06_IntroOOP", "Module06_IntroOOP\Module06_IntroOOP.csproj", "{1ADB742F-AFC9-48E4-A036-484829B78DFF}"
EndProject
Project("{FAE04EC0-301F-11D3-BF4B-00C04F79EFBC}") = "Module07_Properties", "Module07_Properties\Module07_Properties.csproj", "{76322B76-8542-4732-B944-23F75E811409}"
EndProject
Project("{FAE04EC0-301F-11D3-BF4B-00C04F79EFBC}") = "Modul2HelloWorld", "Modul2HelloWorld\Modul2HelloWorld.csproj", "{69461D70-4FC5-4FCA-88F9-9FD6C2E02875}"
EndProject
Project("{FAE04EC0-301F-11D3-BF4B-00C04F79EFBC}") = "Module3", "Module3\Module3.csproj", "{A025A450-7683-4E10-8DF2-5EC6F00C8030}"
EndProject
Project("{FAE04EC0-301F-11D3-BF4B-00C04F79EFBC}") = "Module4", "Module4\Module4.csproj", "{56B1B53E-8E95-4295-A49D-781C6AAD3D1A}"
EndProject
Project("{FAE04EC0-301F-11D3-BF4B-00C04F79EFBC}") = "Modul5opg1", "Modul5opg1\Modul5opg1.csproj", "{848F595F-6684-4661-9514-88C8CB5CA3C0}"
EndProject
Project("{FAE04EC0-301F-11D3-BF4B-00C04F79EFBC}") = "Module5", "Module5\Module5.csproj", "{3C0081A4-23E0-47C3-8ABC-80E3B8AF33F1}"
EndProject
Project("{FAE04EC0-301F-11D3-BF4B-00C04F79EFBC}") = "Playbox", "Playbox\Playbox.csproj", "{F4A12A5B-C5D8-439C-BAE0-7B0944045062}"
EndProject
Project("{FAE04EC0-301F-11D3-BF4B-00C04F79EFBC}") = "Module6", "Module6\Module6.csproj", "{6F354D7C-C060-47B7-9D41-F1623928FE00}"
EndProject
Project("{FAE04EC0-301F-11D3-BF4B-00C04F79EFBC}") = "Ludo", "Ludo\Ludo.csproj", "{21D9AEF5-923D-4F3B-AC71-9817445344EC}"
EndProject
Project("{FAE04EC0-301F-11D3-BF4B-00C04F79EFBC}") = "Module7", "Module7\Module7.csproj", "{0DF46CDF-538F-4F39-A371-4F027E67AA34}"
EndProject
Project("{FAE04EC0-301F-11D3-BF4B-00C04F79EFBC}") = "Module8", "Module8\Module8.csproj", "{26717ED3-CAE5-4AE2-AA8E-536BD3CC042D}"
EndProject
Project("{FAE04EC0-301F-11D3-BF4B-00C04F79EFBC}") = "Module9", "Module9\Module9.csproj", "{C2CCC8F0-E9A8-4E75-8A54-711804A07217}"
EndProject
Project("{FAE04EC0-301F-11D3-BF4B-00C04F79EFBC}") = "Module9NLOG", "Module9NLOG\Module9NLOG.csproj", "{D9E0ECE8-8B42-4BB9-BA4C-016775FF7134}"
EndProject
Project("{2150E333-8FDC-42A3-9474-1A3956D46DE8}") = "Teknologisk.MinApp", "Teknologisk.MinApp", "{276ED6EB-984C-467C-B2B4-4ACF9FDE4973}"
EndProject
Project("{FAE04EC0-301F-11D3-BF4B-00C04F79EFBC}") = "Teknologisk.MinApp", "Teknologisk.MinApp\Teknologisk.MinApp.csproj", "{DCC99B93-3C04-4053-B071-1E193D08350B}"
EndProject
Project("{FAE04EC0-301F-11D3-BF4B-00C04F79EFBC}") = "BilApp", "..\Users\admin\source\repos\BilApp\BilApp\BilApp.csproj", "{0ED6823C-C03C-4D46-879E-F53184FE9DF2}"
EndProject
Project("{FAE04EC0-301F-11D3-BF4B-00C04F79EFBC}") = "Module10", "Module10\Module10.csproj", "{0CC4BD3F-360E-49C1-9387-198C5DBCD1A6}"
EndProject
Project("{FAE04EC0-301F-11D3-BF4B-00C04F79EFBC}") = "Modul10_IComparer", "Modul10_IComparer\Modul10_IComparer.csproj", "{6743069F-B131-4E54-AFC4-76694240F244}"
EndProject
Project("{FAE04EC0-301F-11D3-BF4B-00C04F79EFBC}") = "Modul10_using", "Modul10_using\Modul10_using.csproj", "{C71BBA3B-2372-42D0-852D-21F712D35B38}"
EndProject
Project("{FAE04EC0-301F-11D3-BF4B-00C04F79EFBC}") = "Modul11_Collection1", "Modul11_Collection1\Modul11_Collection1.csproj", "{DB34313A-95EA-43B9-A892-F1479A3A6A3B}"
EndProject
Project("{FAE04EC0-301F-11D3-BF4B-00C04F79EFBC}") = "Modul11_Collection_Kortbunke", "Modul11_Collection_Kortbunke\Modul11_Collection_Kortbunke.csproj", "{22468E07-501D-4B5D-A39F-E7186EFEF23D}"
EndProject
Project("{FAE04EC0-301F-11D3-BF4B-00C04F79EFBC}") = "Module11_GenericsSwap", "Module11_GenericsSwap\Module11_GenericsSwap.csproj", "{39B8478F-6981-4DD3-8573-01301A6B8E7D}"
EndProject
Project("{FAE04EC0-301F-11D3-BF4B-00C04F79EFBC}") = "Module12_Delegate", "Module12_Delegate\Module12_Delegate.csproj", "{6640372F-D3E9-44AD-810E-4F4A0505FC65}"
EndProject
Project("{FAE04EC0-301F-11D3-BF4B-00C04F79EFBC}") = "Module12_Events_køb", "Module12_Events_køb\Module12_Events_køb.csproj", "{159A44A6-5D5A-402D-B258-D037B48CB826}"
EndProject
Project("{FAE04EC0-301F-11D3-BF4B-00C04F79EFBC}") = "Modul12_Events_Filewatcher", "Modul12_Events_Filewatcher\Modul12_Events_Filewatcher.csproj", "{FCA5CC49-4B20-4EB0-A527-E72DD0A29B49}"
EndProject
Global
	GlobalSection(SolutionConfigurationPlatforms) = preSolution
		Debug|Any CPU = Debug|Any CPU
		Release|Any CPU = Release|Any CPU
	EndGlobalSection
	GlobalSection(ProjectConfigurationPlatforms) = postSolution
		{ED61EF61-2518-4358-9274-AF90546F16DC}.Debug|Any CPU.ActiveCfg = Debug|Any CPU
		{ED61EF61-2518-4358-9274-AF90546F16DC}.Debug|Any CPU.Build.0 = Debug|Any CPU
		{ED61EF61-2518-4358-9274-AF90546F16DC}.Release|Any CPU.ActiveCfg = Release|Any CPU
		{ED61EF61-2518-4358-9274-AF90546F16DC}.Release|Any CPU.Build.0 = Release|Any CPU
		{3B404ABE-B1C1-4EB1-A581-63703EEFA401}.Debug|Any CPU.ActiveCfg = Debug|Any CPU
		{3B404ABE-B1C1-4EB1-A581-63703EEFA401}.Debug|Any CPU.Build.0 = Debug|Any CPU
		{3B404ABE-B1C1-4EB1-A581-63703EEFA401}.Release|Any CPU.ActiveCfg = Release|Any CPU
		{3B404ABE-B1C1-4EB1-A581-63703EEFA401}.Release|Any CPU.Build.0 = Release|Any CPU
		{52314A04-A84B-4053-A6DE-837C39AAA4A2}.Debug|Any CPU.ActiveCfg = Debug|Any CPU
		{52314A04-A84B-4053-A6DE-837C39AAA4A2}.Debug|Any CPU.Build.0 = Debug|Any CPU
		{52314A04-A84B-4053-A6DE-837C39AAA4A2}.Release|Any CPU.ActiveCfg = Release|Any CPU
		{52314A04-A84B-4053-A6DE-837C39AAA4A2}.Release|Any CPU.Build.0 = Release|Any CPU
		{224C681D-ACDD-48F7-9929-4B111EF0D1B9}.Debug|Any CPU.ActiveCfg = Debug|Any CPU
		{224C681D-ACDD-48F7-9929-4B111EF0D1B9}.Debug|Any CPU.Build.0 = Debug|Any CPU
		{224C681D-ACDD-48F7-9929-4B111EF0D1B9}.Release|Any CPU.ActiveCfg = Release|Any CPU
		{224C681D-ACDD-48F7-9929-4B111EF0D1B9}.Release|Any CPU.Build.0 = Release|Any CPU
		{779B2028-C640-4905-A36D-A83A043ACA82}.Debug|Any CPU.ActiveCfg = Debug|Any CPU
		{779B2028-C640-4905-A36D-A83A043ACA82}.Debug|Any CPU.Build.0 = Debug|Any CPU
		{779B2028-C640-4905-A36D-A83A043ACA82}.Release|Any CPU.ActiveCfg = Release|Any CPU
		{779B2028-C640-4905-A36D-A83A043ACA82}.Release|Any CPU.Build.0 = Release|Any CPU
		{C6A5C699-6257-4CDE-9C12-70502FDC05E5}.Debug|Any CPU.ActiveCfg = Debug|Any CPU
		{C6A5C699-6257-4CDE-9C12-70502FDC05E5}.Debug|Any CPU.Build.0 = Debug|Any CPU
		{C6A5C699-6257-4CDE-9C12-70502FDC05E5}.Release|Any CPU.ActiveCfg = Release|Any CPU
		{C6A5C699-6257-4CDE-9C12-70502FDC05E5}.Release|Any CPU.Build.0 = Release|Any CPU
		{BD24CAA3-9A99-4922-B73F-2A1F55486AFF}.Debug|Any CPU.ActiveCfg = Debug|Any CPU
		{BD24CAA3-9A99-4922-B73F-2A1F55486AFF}.Debug|Any CPU.Build.0 = Debug|Any CPU
		{BD24CAA3-9A99-4922-B73F-2A1F55486AFF}.Release|Any CPU.ActiveCfg = Release|Any CPU
		{BD24CAA3-9A99-4922-B73F-2A1F55486AFF}.Release|Any CPU.Build.0 = Release|Any CPU
		{D483641F-1FC6-47B3-A957-AC7771E1114D}.Debug|Any CPU.ActiveCfg = Debug|Any CPU
		{D483641F-1FC6-47B3-A957-AC7771E1114D}.Debug|Any CPU.Build.0 = Debug|Any CPU
		{D483641F-1FC6-47B3-A957-AC7771E1114D}.Release|Any CPU.ActiveCfg = Release|Any CPU
		{D483641F-1FC6-47B3-A957-AC7771E1114D}.Release|Any CPU.Build.0 = Release|Any CPU
		{5A6D04FF-61B6-4466-AC97-072ED4CEBA4C}.Debug|Any CPU.ActiveCfg = Debug|Any CPU
		{5A6D04FF-61B6-4466-AC97-072ED4CEBA4C}.Debug|Any CPU.Build.0 = Debug|Any CPU
		{5A6D04FF-61B6-4466-AC97-072ED4CEBA4C}.Release|Any CPU.ActiveCfg = Release|Any CPU
		{5A6D04FF-61B6-4466-AC97-072ED4CEBA4C}.Release|Any CPU.Build.0 = Release|Any CPU
		{5A1F3DDC-9D77-418A-83F2-DC422391FEB4}.Debug|Any CPU.ActiveCfg = Debug|Any CPU
		{5A1F3DDC-9D77-418A-83F2-DC422391FEB4}.Debug|Any CPU.Build.0 = Debug|Any CPU
		{5A1F3DDC-9D77-418A-83F2-DC422391FEB4}.Release|Any CPU.ActiveCfg = Release|Any CPU
		{5A1F3DDC-9D77-418A-83F2-DC422391FEB4}.Release|Any CPU.Build.0 = Release|Any CPU
		{1E76C25D-E3DE-46A6-85F2-AD0D99FDD13C}.Debug|Any CPU.ActiveCfg = Debug|Any CPU
		{1E76C25D-E3DE-46A6-85F2-AD0D99FDD13C}.Debug|Any CPU.Build.0 = Debug|Any CPU
		{1E76C25D-E3DE-46A6-85F2-AD0D99FDD13C}.Release|Any CPU.ActiveCfg = Release|Any CPU
		{1E76C25D-E3DE-46A6-85F2-AD0D99FDD13C}.Release|Any CPU.Build.0 = Release|Any CPU
		{26A8998B-29FB-4676-A5E2-42C60E15D61E}.Debug|Any CPU.ActiveCfg = Debug|Any CPU
		{26A8998B-29FB-4676-A5E2-42C60E15D61E}.Debug|Any CPU.Build.0 = Debug|Any CPU
		{26A8998B-29FB-4676-A5E2-42C60E15D61E}.Release|Any CPU.ActiveCfg = Release|Any CPU
		{26A8998B-29FB-4676-A5E2-42C60E15D61E}.Release|Any CPU.Build.0 = Release|Any CPU
		{1ADB742F-AFC9-48E4-A036-484829B78DFF}.Debug|Any CPU.ActiveCfg = Debug|Any CPU
		{1ADB742F-AFC9-48E4-A036-484829B78DFF}.Debug|Any CPU.Build.0 = Debug|Any CPU
		{1ADB742F-AFC9-48E4-A036-484829B78DFF}.Release|Any CPU.ActiveCfg = Release|Any CPU
		{1ADB742F-AFC9-48E4-A036-484829B78DFF}.Release|Any CPU.Build.0 = Release|Any CPU
		{76322B76-8542-4732-B944-23F75E811409}.Debug|Any CPU.ActiveCfg = Debug|Any CPU
		{76322B76-8542-4732-B944-23F75E811409}.Debug|Any CPU.Build.0 = Debug|Any CPU
		{76322B76-8542-4732-B944-23F75E811409}.Release|Any CPU.ActiveCfg = Release|Any CPU
		{76322B76-8542-4732-B944-23F75E811409}.Release|Any CPU.Build.0 = Release|Any CPU
		{69461D70-4FC5-4FCA-88F9-9FD6C2E02875}.Debug|Any CPU.ActiveCfg = Debug|Any CPU
		{69461D70-4FC5-4FCA-88F9-9FD6C2E02875}.Debug|Any CPU.Build.0 = Debug|Any CPU
		{69461D70-4FC5-4FCA-88F9-9FD6C2E02875}.Release|Any CPU.ActiveCfg = Release|Any CPU
		{69461D70-4FC5-4FCA-88F9-9FD6C2E02875}.Release|Any CPU.Build.0 = Release|Any CPU
		{A025A450-7683-4E10-8DF2-5EC6F00C8030}.Debug|Any CPU.ActiveCfg = Debug|Any CPU
		{A025A450-7683-4E10-8DF2-5EC6F00C8030}.Debug|Any CPU.Build.0 = Debug|Any CPU
		{A025A450-7683-4E10-8DF2-5EC6F00C8030}.Release|Any CPU.ActiveCfg = Release|Any CPU
		{A025A450-7683-4E10-8DF2-5EC6F00C8030}.Release|Any CPU.Build.0 = Release|Any CPU
		{56B1B53E-8E95-4295-A49D-781C6AAD3D1A}.Debug|Any CPU.ActiveCfg = Debug|Any CPU
		{56B1B53E-8E95-4295-A49D-781C6AAD3D1A}.Debug|Any CPU.Build.0 = Debug|Any CPU
		{56B1B53E-8E95-4295-A49D-781C6AAD3D1A}.Release|Any CPU.ActiveCfg = Release|Any CPU
		{56B1B53E-8E95-4295-A49D-781C6AAD3D1A}.Release|Any CPU.Build.0 = Release|Any CPU
		{848F595F-6684-4661-9514-88C8CB5CA3C0}.Debug|Any CPU.ActiveCfg = Debug|Any CPU
		{848F595F-6684-4661-9514-88C8CB5CA3C0}.Debug|Any CPU.Build.0 = Debug|Any CPU
		{848F595F-6684-4661-9514-88C8CB5CA3C0}.Release|Any CPU.ActiveCfg = Release|Any CPU
		{848F595F-6684-4661-9514-88C8CB5CA3C0}.Release|Any CPU.Build.0 = Release|Any CPU
		{3C0081A4-23E0-47C3-8ABC-80E3B8AF33F1}.Debug|Any CPU.ActiveCfg = Debug|Any CPU
		{3C0081A4-23E0-47C3-8ABC-80E3B8AF33F1}.Debug|Any CPU.Build.0 = Debug|Any CPU
		{3C0081A4-23E0-47C3-8ABC-80E3B8AF33F1}.Release|Any CPU.ActiveCfg = Release|Any CPU
		{3C0081A4-23E0-47C3-8ABC-80E3B8AF33F1}.Release|Any CPU.Build.0 = Release|Any CPU
		{F4A12A5B-C5D8-439C-BAE0-7B0944045062}.Debug|Any CPU.ActiveCfg = Debug|Any CPU
		{F4A12A5B-C5D8-439C-BAE0-7B0944045062}.Debug|Any CPU.Build.0 = Debug|Any CPU
		{F4A12A5B-C5D8-439C-BAE0-7B0944045062}.Release|Any CPU.ActiveCfg = Release|Any CPU
		{F4A12A5B-C5D8-439C-BAE0-7B0944045062}.Release|Any CPU.Build.0 = Release|Any CPU
		{6F354D7C-C060-47B7-9D41-F1623928FE00}.Debug|Any CPU.ActiveCfg = Debug|Any CPU
		{6F354D7C-C060-47B7-9D41-F1623928FE00}.Debug|Any CPU.Build.0 = Debug|Any CPU
		{6F354D7C-C060-47B7-9D41-F1623928FE00}.Release|Any CPU.ActiveCfg = Release|Any CPU
		{6F354D7C-C060-47B7-9D41-F1623928FE00}.Release|Any CPU.Build.0 = Release|Any CPU
		{21D9AEF5-923D-4F3B-AC71-9817445344EC}.Debug|Any CPU.ActiveCfg = Debug|Any CPU
		{21D9AEF5-923D-4F3B-AC71-9817445344EC}.Debug|Any CPU.Build.0 = Debug|Any CPU
		{21D9AEF5-923D-4F3B-AC71-9817445344EC}.Release|Any CPU.ActiveCfg = Release|Any CPU
		{21D9AEF5-923D-4F3B-AC71-9817445344EC}.Release|Any CPU.Build.0 = Release|Any CPU
		{0DF46CDF-538F-4F39-A371-4F027E67AA34}.Debug|Any CPU.ActiveCfg = Debug|Any CPU
		{0DF46CDF-538F-4F39-A371-4F027E67AA34}.Debug|Any CPU.Build.0 = Debug|Any CPU
		{0DF46CDF-538F-4F39-A371-4F027E67AA34}.Release|Any CPU.ActiveCfg = Release|Any CPU
		{0DF46CDF-538F-4F39-A371-4F027E67AA34}.Release|Any CPU.Build.0 = Release|Any CPU
		{26717ED3-CAE5-4AE2-AA8E-536BD3CC042D}.Debug|Any CPU.ActiveCfg = Debug|Any CPU
		{26717ED3-CAE5-4AE2-AA8E-536BD3CC042D}.Debug|Any CPU.Build.0 = Debug|Any CPU
		{26717ED3-CAE5-4AE2-AA8E-536BD3CC042D}.Release|Any CPU.ActiveCfg = Release|Any CPU
		{26717ED3-CAE5-4AE2-AA8E-536BD3CC042D}.Release|Any CPU.Build.0 = Release|Any CPU
		{C2CCC8F0-E9A8-4E75-8A54-711804A07217}.Debug|Any CPU.ActiveCfg = Debug|Any CPU
		{C2CCC8F0-E9A8-4E75-8A54-711804A07217}.Debug|Any CPU.Build.0 = Debug|Any CPU
		{C2CCC8F0-E9A8-4E75-8A54-711804A07217}.Release|Any CPU.ActiveCfg = Release|Any CPU
		{C2CCC8F0-E9A8-4E75-8A54-711804A07217}.Release|Any CPU.Build.0 = Release|Any CPU
		{D9E0ECE8-8B42-4BB9-BA4C-016775FF7134}.Debug|Any CPU.ActiveCfg = Debug|Any CPU
		{D9E0ECE8-8B42-4BB9-BA4C-016775FF7134}.Debug|Any CPU.Build.0 = Debug|Any CPU
		{D9E0ECE8-8B42-4BB9-BA4C-016775FF7134}.Release|Any CPU.ActiveCfg = Release|Any CPU
		{D9E0ECE8-8B42-4BB9-BA4C-016775FF7134}.Release|Any CPU.Build.0 = Release|Any CPU
		{DCC99B93-3C04-4053-B071-1E193D08350B}.Debug|Any CPU.ActiveCfg = Debug|Any CPU
		{DCC99B93-3C04-4053-B071-1E193D08350B}.Debug|Any CPU.Build.0 = Debug|Any CPU
		{DCC99B93-3C04-4053-B071-1E193D08350B}.Release|Any CPU.ActiveCfg = Release|Any CPU
		{DCC99B93-3C04-4053-B071-1E193D08350B}.Release|Any CPU.Build.0 = Release|Any CPU
		{0ED6823C-C03C-4D46-879E-F53184FE9DF2}.Debug|Any CPU.ActiveCfg = Debug|Any CPU
		{0ED6823C-C03C-4D46-879E-F53184FE9DF2}.Debug|Any CPU.Build.0 = Debug|Any CPU
		{0ED6823C-C03C-4D46-879E-F53184FE9DF2}.Release|Any CPU.ActiveCfg = Release|Any CPU
		{0ED6823C-C03C-4D46-879E-F53184FE9DF2}.Release|Any CPU.Build.0 = Release|Any CPU
		{0CC4BD3F-360E-49C1-9387-198C5DBCD1A6}.Debug|Any CPU.ActiveCfg = Debug|Any CPU
		{0CC4BD3F-360E-49C1-9387-198C5DBCD1A6}.Debug|Any CPU.Build.0 = Debug|Any CPU
		{0CC4BD3F-360E-49C1-9387-198C5DBCD1A6}.Release|Any CPU.ActiveCfg = Release|Any CPU
		{0CC4BD3F-360E-49C1-9387-198C5DBCD1A6}.Release|Any CPU.Build.0 = Release|Any CPU
		{6743069F-B131-4E54-AFC4-76694240F244}.Debug|Any CPU.ActiveCfg = Debug|Any CPU
		{6743069F-B131-4E54-AFC4-76694240F244}.Debug|Any CPU.Build.0 = Debug|Any CPU
		{6743069F-B131-4E54-AFC4-76694240F244}.Release|Any CPU.ActiveCfg = Release|Any CPU
		{6743069F-B131-4E54-AFC4-76694240F244}.Release|Any CPU.Build.0 = Release|Any CPU
		{C71BBA3B-2372-42D0-852D-21F712D35B38}.Debug|Any CPU.ActiveCfg = Debug|Any CPU
		{C71BBA3B-2372-42D0-852D-21F712D35B38}.Debug|Any CPU.Build.0 = Debug|Any CPU
		{C71BBA3B-2372-42D0-852D-21F712D35B38}.Release|Any CPU.ActiveCfg = Release|Any CPU
		{C71BBA3B-2372-42D0-852D-21F712D35B38}.Release|Any CPU.Build.0 = Release|Any CPU
		{DB34313A-95EA-43B9-A892-F1479A3A6A3B}.Debug|Any CPU.ActiveCfg = Debug|Any CPU
		{DB34313A-95EA-43B9-A892-F1479A3A6A3B}.Debug|Any CPU.Build.0 = Debug|Any CPU
		{DB34313A-95EA-43B9-A892-F1479A3A6A3B}.Release|Any CPU.ActiveCfg = Release|Any CPU
		{DB34313A-95EA-43B9-A892-F1479A3A6A3B}.Release|Any CPU.Build.0 = Release|Any CPU
		{22468E07-501D-4B5D-A39F-E7186EFEF23D}.Debug|Any CPU.ActiveCfg = Debug|Any CPU
		{22468E07-501D-4B5D-A39F-E7186EFEF23D}.Debug|Any CPU.Build.0 = Debug|Any CPU
		{22468E07-501D-4B5D-A39F-E7186EFEF23D}.Release|Any CPU.ActiveCfg = Release|Any CPU
		{22468E07-501D-4B5D-A39F-E7186EFEF23D}.Release|Any CPU.Build.0 = Release|Any CPU
		{39B8478F-6981-4DD3-8573-01301A6B8E7D}.Debug|Any CPU.ActiveCfg = Debug|Any CPU
		{39B8478F-6981-4DD3-8573-01301A6B8E7D}.Debug|Any CPU.Build.0 = Debug|Any CPU
		{39B8478F-6981-4DD3-8573-01301A6B8E7D}.Release|Any CPU.ActiveCfg = Release|Any CPU
		{39B8478F-6981-4DD3-8573-01301A6B8E7D}.Release|Any CPU.Build.0 = Release|Any CPU
		{6640372F-D3E9-44AD-810E-4F4A0505FC65}.Debug|Any CPU.ActiveCfg = Debug|Any CPU
		{6640372F-D3E9-44AD-810E-4F4A0505FC65}.Debug|Any CPU.Build.0 = Debug|Any CPU
		{6640372F-D3E9-44AD-810E-4F4A0505FC65}.Release|Any CPU.ActiveCfg = Release|Any CPU
		{6640372F-D3E9-44AD-810E-4F4A0505FC65}.Release|Any CPU.Build.0 = Release|Any CPU
		{159A44A6-5D5A-402D-B258-D037B48CB826}.Debug|Any CPU.ActiveCfg = Debug|Any CPU
		{159A44A6-5D5A-402D-B258-D037B48CB826}.Debug|Any CPU.Build.0 = Debug|Any CPU
		{159A44A6-5D5A-402D-B258-D037B48CB826}.Release|Any CPU.ActiveCfg = Release|Any CPU
		{159A44A6-5D5A-402D-B258-D037B48CB826}.Release|Any CPU.Build.0 = Release|Any CPU
		{FCA5CC49-4B20-4EB0-A527-E72DD0A29B49}.Debug|Any CPU.ActiveCfg = Debug|Any CPU
		{FCA5CC49-4B20-4EB0-A527-E72DD0A29B49}.Debug|Any CPU.Build.0 = Debug|Any CPU
		{FCA5CC49-4B20-4EB0-A527-E72DD0A29B49}.Release|Any CPU.ActiveCfg = Release|Any CPU
		{FCA5CC49-4B20-4EB0-A527-E72DD0A29B49}.Release|Any CPU.Build.0 = Release|Any CPU
	EndGlobalSection
	GlobalSection(SolutionProperties) = preSolution
		HideSolutionNode = FALSE
	EndGlobalSection
	GlobalSection(NestedProjects) = preSolution
		{ED61EF61-2518-4358-9274-AF90546F16DC} = {614BAE00-84EB-47BC-8C41-71B6E2131A8C}
		{3B404ABE-B1C1-4EB1-A581-63703EEFA401} = {614BAE00-84EB-47BC-8C41-71B6E2131A8C}
		{52314A04-A84B-4053-A6DE-837C39AAA4A2} = {614BAE00-84EB-47BC-8C41-71B6E2131A8C}
		{224C681D-ACDD-48F7-9929-4B111EF0D1B9} = {614BAE00-84EB-47BC-8C41-71B6E2131A8C}
		{779B2028-C640-4905-A36D-A83A043ACA82} = {614BAE00-84EB-47BC-8C41-71B6E2131A8C}
		{C6A5C699-6257-4CDE-9C12-70502FDC05E5} = {614BAE00-84EB-47BC-8C41-71B6E2131A8C}
		{BD24CAA3-9A99-4922-B73F-2A1F55486AFF} = {614BAE00-84EB-47BC-8C41-71B6E2131A8C}
		{D483641F-1FC6-47B3-A957-AC7771E1114D} = {614BAE00-84EB-47BC-8C41-71B6E2131A8C}
		{5A6D04FF-61B6-4466-AC97-072ED4CEBA4C} = {614BAE00-84EB-47BC-8C41-71B6E2131A8C}
		{5A1F3DDC-9D77-418A-83F2-DC422391FEB4} = {614BAE00-84EB-47BC-8C41-71B6E2131A8C}
		{1E76C25D-E3DE-46A6-85F2-AD0D99FDD13C} = {614BAE00-84EB-47BC-8C41-71B6E2131A8C}
		{26A8998B-29FB-4676-A5E2-42C60E15D61E} = {614BAE00-84EB-47BC-8C41-71B6E2131A8C}
		{1ADB742F-AFC9-48E4-A036-484829B78DFF} = {614BAE00-84EB-47BC-8C41-71B6E2131A8C}
		{76322B76-8542-4732-B944-23F75E811409} = {614BAE00-84EB-47BC-8C41-71B6E2131A8C}
		{69461D70-4FC5-4FCA-88F9-9FD6C2E02875} = {5E1B2542-C3EE-4515-8C83-C8E805B50E0F}
		{A025A450-7683-4E10-8DF2-5EC6F00C8030} = {5E1B2542-C3EE-4515-8C83-C8E805B50E0F}
		{56B1B53E-8E95-4295-A49D-781C6AAD3D1A} = {5E1B2542-C3EE-4515-8C83-C8E805B50E0F}
		{848F595F-6684-4661-9514-88C8CB5CA3C0} = {5E1B2542-C3EE-4515-8C83-C8E805B50E0F}
		{3C0081A4-23E0-47C3-8ABC-80E3B8AF33F1} = {5E1B2542-C3EE-4515-8C83-C8E805B50E0F}
		{F4A12A5B-C5D8-439C-BAE0-7B0944045062} = {5E1B2542-C3EE-4515-8C83-C8E805B50E0F}
		{6F354D7C-C060-47B7-9D41-F1623928FE00} = {5E1B2542-C3EE-4515-8C83-C8E805B50E0F}
		{21D9AEF5-923D-4F3B-AC71-9817445344EC} = {5E1B2542-C3EE-4515-8C83-C8E805B50E0F}
		{0DF46CDF-538F-4F39-A371-4F027E67AA34} = {5E1B2542-C3EE-4515-8C83-C8E805B50E0F}
		{26717ED3-CAE5-4AE2-AA8E-536BD3CC042D} = {5E1B2542-C3EE-4515-8C83-C8E805B50E0F}
		{C2CCC8F0-E9A8-4E75-8A54-711804A07217} = {5E1B2542-C3EE-4515-8C83-C8E805B50E0F}
		{D9E0ECE8-8B42-4BB9-BA4C-016775FF7134} = {5E1B2542-C3EE-4515-8C83-C8E805B50E0F}
		{276ED6EB-984C-467C-B2B4-4ACF9FDE4973} = {5E1B2542-C3EE-4515-8C83-C8E805B50E0F}
		{DCC99B93-3C04-4053-B071-1E193D08350B} = {276ED6EB-984C-467C-B2B4-4ACF9FDE4973}
		{0ED6823C-C03C-4D46-879E-F53184FE9DF2} = {5E1B2542-C3EE-4515-8C83-C8E805B50E0F}
		{0CC4BD3F-360E-49C1-9387-198C5DBCD1A6} = {5E1B2542-C3EE-4515-8C83-C8E805B50E0F}
		{6743069F-B131-4E54-AFC4-76694240F244} = {5E1B2542-C3EE-4515-8C83-C8E805B50E0F}
		{C71BBA3B-2372-42D0-852D-21F712D35B38} = {5E1B2542-C3EE-4515-8C83-C8E805B50E0F}
		{DB34313A-95EA-43B9-A892-F1479A3A6A3B} = {5E1B2542-C3EE-4515-8C83-C8E805B50E0F}
		{22468E07-501D-4B5D-A39F-E7186EFEF23D} = {5E1B2542-C3EE-4515-8C83-C8E805B50E0F}
		{39B8478F-6981-4DD3-8573-01301A6B8E7D} = {5E1B2542-C3EE-4515-8C83-C8E805B50E0F}
		{6640372F-D3E9-44AD-810E-4F4A0505FC65} = {5E1B2542-C3EE-4515-8C83-C8E805B50E0F}
		{159A44A6-5D5A-402D-B258-D037B48CB826} = {5E1B2542-C3EE-4515-8C83-C8E805B50E0F}
		{FCA5CC49-4B20-4EB0-A527-E72DD0A29B49} = {5E1B2542-C3EE-4515-8C83-C8E805B50E0F}
	EndGlobalSection
	GlobalSection(ExtensibilityGlobals) = postSolution
		SolutionGuid = {A5354BDA-3E12-4F48-8A32-DAFA5BEC4AA4}
	EndGlobalSection
EndGlobal
